<?xml version="1.0" encoding="utf-8"?>
<Project ToolsVersion="4.0" xmlns="http://schemas.microsoft.com/developer/msbuild/2003">
  <ItemGroup>
    <Filter Include="Rorschach">
      <UniqueIdentifier>{E2836E0D-4EEE-2284-972C-D42903D600D9}</UniqueIdentifier>
    </Filter>
  </ItemGroup>
  <ItemGroup>
    <ClInclude Include="src\Rorschach.h" />
    <ClInclude Include="src\Rorschach\Application.h">
      <Filter>Rorschach</Filter>
    </ClInclude>
    <ClInclude Include="src\Rorschach\Core.h">
      <Filter>Rorschach</Filter>
    </ClInclude>
    <ClInclude Include="src\Rorschach\EntryPoint.h">
      <Filter>Rorschach</Filter>
    </ClInclude>
    <ClInclude Include="src\Rorschach\Log.h">
      <Filter>Rorschach</Filter>
    </ClInclude>
  </ItemGroup>
  <ItemGroup>
    <ClCompile Include="src\Rorschach\Application.cpp">
      <Filter>Rorschach</Filter>
    </ClCompile>
    <ClCompile Include="src\Rorschach\Log.cpp">
      <Filter>Rorschach</Filter>
    </ClCompile>
  </ItemGroup>
</Project>